
Microsoft Visual Studio Solution File, Format Version 12.00
# Visual Studio Version 17
VisualStudioVersion = 17.0.31903.59
MinimumVisualStudioVersion = 10.0.40219.1
Project("{2150E333-8FDC-42A3-9474-1A3956D46DE8}") = "LIBRARIES", "LIBRARIES", "{65DEADE0-1747-45AD-9DB6-856F515FE0F5}"
EndProject
Project("{2150E333-8FDC-42A3-9474-1A3956D46DE8}") = "ProtoServer", "ProtoServer", "{DA7E4A9F-DE1A-4EF3-8EB9-5035E426E16B}"
EndProject
Project("{FAE04EC0-301F-11D3-BF4B-00C04F79EFBC}") = "ProtoServer", "LIBRARIES\ProtoServer\ProtoServer\ProtoServer.csproj", "{7F47A234-8EF5-4D93-913B-E4789DB4A456}"
EndProject
Project("{2150E333-8FDC-42A3-9474-1A3956D46DE8}") = "SERVICES", "SERVICES", "{E160A836-25CB-49F7-97DE-30197A997F13}"
EndProject
Project("{2150E333-8FDC-42A3-9474-1A3956D46DE8}") = "Core.Service", "Core.Service", "{CF3537E7-09B7-463E-A47E-1910EA973A1D}"
EndProject
Project("{FAE04EC0-301F-11D3-BF4B-00C04F79EFBC}") = "Core.Service", "SERVICES\Core.Service\Core.Service\Core.Service.csproj", "{F5BDFB09-B035-4266-A26C-A7DF7ABC2009}"
EndProject
Project("{2150E333-8FDC-42A3-9474-1A3956D46DE8}") = "GATEWAYS", "GATEWAYS", "{6A5505F5-D42C-4682-BED4-D58B1915F15E}"
EndProject
Project("{2150E333-8FDC-42A3-9474-1A3956D46DE8}") = "MobileAggregator", "MobileAggregator", "{AC17EBC3-2EE2-4E16-A0F7-0917779A3FA3}"
EndProject
Project("{FAE04EC0-301F-11D3-BF4B-00C04F79EFBC}") = "MobileAggregator", "GATEWAYS\MobileAggregator\MobileAggregator\MobileAggregator.csproj", "{B08681CD-9063-41BD-94DF-C777A6DFAC58}"
EndProject
Project("{E53339B2-1760-4266-BCC7-CA923CBCF16C}") = "docker-compose", "docker-compose.dcproj", "{3E8B9F4A-1234-5678-9ABC-DEF012345678}"
EndProject
Global
	GlobalSection(SolutionConfigurationPlatforms) = preSolution
		Debug|Any CPU = Debug|Any CPU
		Release|Any CPU = Release|Any CPU
	EndGlobalSection
	GlobalSection(SolutionProperties) = preSolution
		HideSolutionNode = FALSE
	EndGlobalSection
	GlobalSection(ProjectConfigurationPlatforms) = postSolution
		{7F47A234-8EF5-4D93-913B-E4789DB4A456}.Debug|Any CPU.ActiveCfg = Debug|Any CPU
		{7F47A234-8EF5-4D93-913B-E4789DB4A456}.Debug|Any CPU.Build.0 = Debug|Any CPU
		{7F47A234-8EF5-4D93-913B-E4789DB4A456}.Release|Any CPU.ActiveCfg = Release|Any CPU
		{7F47A234-8EF5-4D93-913B-E4789DB4A456}.Release|Any CPU.Build.0 = Release|Any CPU
		{F5BDFB09-B035-4266-A26C-A7DF7ABC2009}.Debug|Any CPU.ActiveCfg = Debug|Any CPU
		{F5BDFB09-B035-4266-A26C-A7DF7ABC2009}.Debug|Any CPU.Build.0 = Debug|Any CPU
		{F5BDFB09-B035-4266-A26C-A7DF7ABC2009}.Release|Any CPU.ActiveCfg = Release|Any CPU
		{F5BDFB09-B035-4266-A26C-A7DF7ABC2009}.Release|Any CPU.Build.0 = Release|Any CPU
		{B08681CD-9063-41BD-94DF-C777A6DFAC58}.Debug|Any CPU.ActiveCfg = Debug|Any CPU
		{B08681CD-9063-41BD-94DF-C777A6DFAC58}.Debug|Any CPU.Build.0 = Debug|Any CPU
		{B08681CD-9063-41BD-94DF-C777A6DFAC58}.Release|Any CPU.ActiveCfg = Release|Any CPU
		{B08681CD-9063-41BD-94DF-C777A6DFAC58}.Release|Any CPU.Build.0 = Release|Any CPU
		{3E8B9F4A-1234-5678-9ABC-DEF012345678}.Debug|Any CPU.ActiveCfg = Debug|Any CPU
		{3E8B9F4A-1234-5678-9ABC-DEF012345678}.Debug|Any CPU.Build.0 = Debug|Any CPU
		{3E8B9F4A-1234-5678-9ABC-DEF012345678}.Release|Any CPU.ActiveCfg = Release|Any CPU
		{3E8B9F4A-1234-5678-9ABC-DEF012345678}.Release|Any CPU.Build.0 = Release|Any CPU
	EndGlobalSection
	GlobalSection(NestedProjects) = preSolution
		{DA7E4A9F-DE1A-4EF3-8EB9-5035E426E16B} = {65DEADE0-1747-45AD-9DB6-856F515FE0F5}
		{7F47A234-8EF5-4D93-913B-E4789DB4A456} = {DA7E4A9F-DE1A-4EF3-8EB9-5035E426E16B}
		{CF3537E7-09B7-463E-A47E-1910EA973A1D} = {E160A836-25CB-49F7-97DE-30197A997F13}
		{F5BDFB09-B035-4266-A26C-A7DF7ABC2009} = {CF3537E7-09B7-463E-A47E-1910EA973A1D}
		{AC17EBC3-2EE2-4E16-A0F7-0917779A3FA3} = {6A5505F5-D42C-4682-BED4-D58B1915F15E}
		{B08681CD-9063-41BD-94DF-C777A6DFAC58} = {AC17EBC3-2EE2-4E16-A0F7-0917779A3FA3}
	EndGlobalSection
EndGlobal
